
Microsoft Visual Studio Solution File, Format Version 12.00
# Visual Studio 15
VisualStudioVersion = 15.0.26730.12
MinimumVisualStudioVersion = 10.0.40219.1
Project("{FAE04EC0-301F-11D3-BF4B-00C04F79EFBC}") = "UserAuthentication", "UserAuthentication\UserAuthentication.csproj", "{358915FE-5C9E-45FC-AF33-065724FC9B4E}"
EndProject
Project("{FAE04EC0-301F-11D3-BF4B-00C04F79EFBC}") = "DataAccess", "DataAccess\DataAccess.csproj", "{D4D276C9-80F0-456D-8E8B-8476FA6F9C8E}"
EndProject
Project("{FAE04EC0-301F-11D3-BF4B-00C04F79EFBC}") = "DataService", "DataService\DataService.csproj", "{4F3EECB6-BC89-4D0B-849D-86F51B6CEAF4}"
EndProject
Global
	GlobalSection(SolutionConfigurationPlatforms) = preSolution
		Debug|Any CPU = Debug|Any CPU
		Release|Any CPU = Release|Any CPU
	EndGlobalSection
	GlobalSection(ProjectConfigurationPlatforms) = postSolution
		{358915FE-5C9E-45FC-AF33-065724FC9B4E}.Debug|Any CPU.ActiveCfg = Debug|Any CPU
		{358915FE-5C9E-45FC-AF33-065724FC9B4E}.Debug|Any CPU.Build.0 = Debug|Any CPU
		{358915FE-5C9E-45FC-AF33-065724FC9B4E}.Release|Any CPU.ActiveCfg = Release|Any CPU
		{358915FE-5C9E-45FC-AF33-065724FC9B4E}.Release|Any CPU.Build.0 = Release|Any CPU
		{D4D276C9-80F0-456D-8E8B-8476FA6F9C8E}.Debug|Any CPU.ActiveCfg = Debug|Any CPU
		{D4D276C9-80F0-456D-8E8B-8476FA6F9C8E}.Debug|Any CPU.Build.0 = Debug|Any CPU
		{D4D276C9-80F0-456D-8E8B-8476FA6F9C8E}.Release|Any CPU.ActiveCfg = Release|Any CPU
		{D4D276C9-80F0-456D-8E8B-8476FA6F9C8E}.Release|Any CPU.Build.0 = Release|Any CPU
		{4F3EECB6-BC89-4D0B-849D-86F51B6CEAF4}.Debug|Any CPU.ActiveCfg = Debug|Any CPU
		{4F3EECB6-BC89-4D0B-849D-86F51B6CEAF4}.Debug|Any CPU.Build.0 = Debug|Any CPU
		{4F3EECB6-BC89-4D0B-849D-86F51B6CEAF4}.Release|Any CPU.ActiveCfg = Release|Any CPU
		{4F3EECB6-BC89-4D0B-849D-86F51B6CEAF4}.Release|Any CPU.Build.0 = Release|Any CPU
	EndGlobalSection
	GlobalSection(SolutionProperties) = preSolution
		HideSolutionNode = FALSE
	EndGlobalSection
	GlobalSection(ExtensibilityGlobals) = postSolution
		SolutionGuid = {3BA9ADEC-0135-4547-A237-BF13BE6BFAA4}
	EndGlobalSection
EndGlobal
